# This file is automatically @generated by Cargo.
# It is not intended for manual editing.
[[package]]
name = "aho-corasick"
version = "0.7.13"
source = "registry+https://github.com/rust-lang/crates.io-index"
dependencies = [
 "memchr 2.3.3 (registry+https://github.com/rust-lang/crates.io-index)",
]

[[package]]
name = "autocfg"
version = "1.0.1"
source = "registry+https://github.com/rust-lang/crates.io-index"

[[package]]
name = "cc"
version = "1.0.59"
source = "registry+https://github.com/rust-lang/crates.io-index"
dependencies = [
 "jobserver 0.1.21 (registry+https://github.com/rust-lang/crates.io-index)",
]

[[package]]
name = "cfg-if"
version = "0.1.10"
source = "registry+https://github.com/rust-lang/crates.io-index"

[[package]]
name = "clang"
version = "1.0.1"
source = "registry+https://github.com/rust-lang/crates.io-index"
dependencies = [
 "clang-sys 1.0.0 (registry+https://github.com/rust-lang/crates.io-index)",
 "libc 0.2.76 (registry+https://github.com/rust-lang/crates.io-index)",
]

[[package]]
name = "clang-sys"
version = "1.0.0"
source = "registry+https://github.com/rust-lang/crates.io-index"
dependencies = [
 "glob 0.3.0 (registry+https://github.com/rust-lang/crates.io-index)",
 "libc 0.2.76 (registry+https://github.com/rust-lang/crates.io-index)",
 "libloading 0.6.3 (registry+https://github.com/rust-lang/crates.io-index)",
]

[[package]]
name = "dunce"
version = "1.0.1"
source = "registry+https://github.com/rust-lang/crates.io-index"

[[package]]
name = "facedetect"
version = "0.1.0"
dependencies = [
 "opencv 0.45.1 (registry+https://github.com/rust-lang/crates.io-index)",
]

[[package]]
name = "glob"
version = "0.3.0"
source = "registry+https://github.com/rust-lang/crates.io-index"

[[package]]
name = "jobserver"
version = "0.1.21"
source = "registry+https://github.com/rust-lang/crates.io-index"
dependencies = [
 "libc 0.2.76 (registry+https://github.com/rust-lang/crates.io-index)",
]

[[package]]
name = "lazy_static"
version = "1.4.0"
source = "registry+https://github.com/rust-lang/crates.io-index"

[[package]]
name = "libc"
version = "0.2.76"
source = "registry+https://github.com/rust-lang/crates.io-index"

[[package]]
name = "libloading"
version = "0.6.3"
source = "registry+https://github.com/rust-lang/crates.io-index"
dependencies = [
 "cfg-if 0.1.10 (registry+https://github.com/rust-lang/crates.io-index)",
 "winapi 0.3.9 (registry+https://github.com/rust-lang/crates.io-index)",
]

[[package]]
name = "maplit"
version = "1.0.2"
source = "registry+https://github.com/rust-lang/crates.io-index"

[[package]]
name = "memchr"
version = "2.3.3"
source = "registry+https://github.com/rust-lang/crates.io-index"

[[package]]
name = "num-traits"
version = "0.2.12"
source = "registry+https://github.com/rust-lang/crates.io-index"
dependencies = [
 "autocfg 1.0.1 (registry+https://github.com/rust-lang/crates.io-index)",
]

[[package]]
name = "once_cell"
version = "1.4.1"
source = "registry+https://github.com/rust-lang/crates.io-index"

[[package]]
name = "opencv"
version = "0.45.1"
source = "registry+https://github.com/rust-lang/crates.io-index"
dependencies = [
 "cc 1.0.59 (registry+https://github.com/rust-lang/crates.io-index)",
 "clang 1.0.1 (registry+https://github.com/rust-lang/crates.io-index)",
 "glob 0.3.0 (registry+https://github.com/rust-lang/crates.io-index)",
 "jobserver 0.1.21 (registry+https://github.com/rust-lang/crates.io-index)",
 "libc 0.2.76 (registry+https://github.com/rust-lang/crates.io-index)",
 "num-traits 0.2.12 (registry+https://github.com/rust-lang/crates.io-index)",
 "once_cell 1.4.1 (registry+https://github.com/rust-lang/crates.io-index)",
 "opencv-binding-generator 0.20.0 (registry+https://github.com/rust-lang/crates.io-index)",
 "pkg-config 0.3.18 (registry+https://github.com/rust-lang/crates.io-index)",
 "semver 0.10.0 (registry+https://github.com/rust-lang/crates.io-index)",
 "shlex 0.1.1 (registry+https://github.com/rust-lang/crates.io-index)",
 "vcpkg 0.2.10 (registry+https://github.com/rust-lang/crates.io-index)",
]

[[package]]
name = "opencv-binding-generator"
version = "0.20.0"
source = "registry+https://github.com/rust-lang/crates.io-index"
dependencies = [
 "clang 1.0.1 (registry+https://github.com/rust-lang/crates.io-index)",
 "clang-sys 1.0.0 (registry+https://github.com/rust-lang/crates.io-index)",
 "dunce 1.0.1 (registry+https://github.com/rust-lang/crates.io-index)",
 "maplit 1.0.2 (registry+https://github.com/rust-lang/crates.io-index)",
 "once_cell 1.4.1 (registry+https://github.com/rust-lang/crates.io-index)",
 "percent-encoding 2.1.0 (registry+https://github.com/rust-lang/crates.io-index)",
 "regex 1.3.9 (registry+https://github.com/rust-lang/crates.io-index)",
]

[[package]]
name = "percent-encoding"
version = "2.1.0"
source = "registry+https://github.com/rust-lang/crates.io-index"

[[package]]
name = "pkg-config"
version = "0.3.18"
source = "registry+https://github.com/rust-lang/crates.io-index"

[[package]]
name = "regex"
version = "1.3.9"
source = "registry+https://github.com/rust-lang/crates.io-index"
dependencies = [
 "aho-corasick 0.7.13 (registry+https://github.com/rust-lang/crates.io-index)",
 "memchr 2.3.3 (registry+https://github.com/rust-lang/crates.io-index)",
 "regex-syntax 0.6.18 (registry+https://github.com/rust-lang/crates.io-index)",
 "thread_local 1.0.1 (registry+https://github.com/rust-lang/crates.io-index)",
]

[[package]]
name = "regex-syntax"
version = "0.6.18"
source = "registry+https://github.com/rust-lang/crates.io-index"

[[package]]
name = "semver"
version = "0.10.0"
source = "registry+https://github.com/rust-lang/crates.io-index"
dependencies = [
 "semver-parser 0.7.0 (registry+https://github.com/rust-lang/crates.io-index)",
]

[[package]]
name = "semver-parser"
version = "0.7.0"
source = "registry+https://github.com/rust-lang/crates.io-index"

[[package]]
name = "shlex"
version = "0.1.1"
source = "registry+https://github.com/rust-lang/crates.io-index"

[[package]]
name = "thread_local"
version = "1.0.1"
source = "registry+https://github.com/rust-lang/crates.io-index"
dependencies = [
 "lazy_static 1.4.0 (registry+https://github.com/rust-lang/crates.io-index)",
]

[[package]]
name = "vcpkg"
version = "0.2.10"
source = "registry+https://github.com/rust-lang/crates.io-index"

[[package]]
name = "winapi"
version = "0.3.9"
source = "registry+https://github.com/rust-lang/crates.io-index"
dependencies = [
 "winapi-i686-pc-windows-gnu 0.4.0 (registry+https://github.com/rust-lang/crates.io-index)",
 "winapi-x86_64-pc-windows-gnu 0.4.0 (registry+https://github.com/rust-lang/crates.io-index)",
]

[[package]]
name = "winapi-i686-pc-windows-gnu"
version = "0.4.0"
source = "registry+https://github.com/rust-lang/crates.io-index"

[[package]]
name = "winapi-x86_64-pc-windows-gnu"
version = "0.4.0"
source = "registry+https://github.com/rust-lang/crates.io-index"

[metadata]
"checksum aho-corasick 0.7.13 (registry+https://github.com/rust-lang/crates.io-index)" = "043164d8ba5c4c3035fec9bbee8647c0261d788f3474306f93bb65901cae0e86"
"checksum autocfg 1.0.1 (registry+https://github.com/rust-lang/crates.io-index)" = "cdb031dd78e28731d87d56cc8ffef4a8f36ca26c38fe2de700543e627f8a464a"
"checksum cc 1.0.59 (registry+https://github.com/rust-lang/crates.io-index)" = "66120af515773fb005778dc07c261bd201ec8ce50bd6e7144c927753fe013381"
"checksum cfg-if 0.1.10 (registry+https://github.com/rust-lang/crates.io-index)" = "4785bdd1c96b2a846b2bd7cc02e86b6b3dbf14e7e53446c4f54c92a361040822"
"checksum clang 1.0.1 (registry+https://github.com/rust-lang/crates.io-index)" = "234ad892f6e5fb24637e1420bbb0e1fdb4db3069a54cbcfedc39c80638403ada"
"checksum clang-sys 1.0.0 (registry+https://github.com/rust-lang/crates.io-index)" = "9da1484c6a890e374ca5086062d4847e0a2c1e5eba9afa5d48c09e8eb39b2519"
"checksum dunce 1.0.1 (registry+https://github.com/rust-lang/crates.io-index)" = "b2641c4a7c0c4101df53ea572bffdc561c146f6c2eb09e4df02bc4811e3feeb4"
"checksum glob 0.3.0 (registry+https://github.com/rust-lang/crates.io-index)" = "9b919933a397b79c37e33b77bb2aa3dc8eb6e165ad809e58ff75bc7db2e34574"
"checksum jobserver 0.1.21 (registry+https://github.com/rust-lang/crates.io-index)" = "5c71313ebb9439f74b00d9d2dcec36440beaf57a6aa0623068441dd7cd81a7f2"
"checksum lazy_static 1.4.0 (registry+https://github.com/rust-lang/crates.io-index)" = "e2abad23fbc42b3700f2f279844dc832adb2b2eb069b2df918f455c4e18cc646"
"checksum libc 0.2.76 (registry+https://github.com/rust-lang/crates.io-index)" = "755456fae044e6fa1ebbbd1b3e902ae19e73097ed4ed87bb79934a867c007bc3"
"checksum libloading 0.6.3 (registry+https://github.com/rust-lang/crates.io-index)" = "2443d8f0478b16759158b2f66d525991a05491138bc05814ef52a250148ef4f9"
"checksum maplit 1.0.2 (registry+https://github.com/rust-lang/crates.io-index)" = "3e2e65a1a2e43cfcb47a895c4c8b10d1f4a61097f9f254f183aee60cad9c651d"
"checksum memchr 2.3.3 (registry+https://github.com/rust-lang/crates.io-index)" = "3728d817d99e5ac407411fa471ff9800a778d88a24685968b36824eaf4bee400"
"checksum num-traits 0.2.12 (registry+https://github.com/rust-lang/crates.io-index)" = "ac267bcc07f48ee5f8935ab0d24f316fb722d7a1292e2913f0cc196b29ffd611"
"checksum once_cell 1.4.1 (registry+https://github.com/rust-lang/crates.io-index)" = "260e51e7efe62b592207e9e13a68e43692a7a279171d6ba57abd208bf23645ad"
"checksum opencv 0.45.1 (registry+https://github.com/rust-lang/crates.io-index)" = "dfc1ee7209d4811b6e45bcffaf69136d6eaa97c333f260da5d3b9646f1b61119"
"checksum opencv-binding-generator 0.20.0 (registry+https://github.com/rust-lang/crates.io-index)" = "1b3db96e062ec0454cda1d05fb1404864a7566589aa78a0b17311805063ad704"
"checksum percent-encoding 2.1.0 (registry+https://github.com/rust-lang/crates.io-index)" = "d4fd5641d01c8f18a23da7b6fe29298ff4b55afcccdf78973b24cf3175fee32e"
"checksum pkg-config 0.3.18 (registry+https://github.com/rust-lang/crates.io-index)" = "d36492546b6af1463394d46f0c834346f31548646f6ba10849802c9c9a27ac33"
"checksum regex 1.3.9 (registry+https://github.com/rust-lang/crates.io-index)" = "9c3780fcf44b193bc4d09f36d2a3c87b251da4a046c87795a0d35f4f927ad8e6"
"checksum regex-syntax 0.6.18 (registry+https://github.com/rust-lang/crates.io-index)" = "26412eb97c6b088a6997e05f69403a802a92d520de2f8e63c2b65f9e0f47c4e8"
"checksum semver 0.10.0 (registry+https://github.com/rust-lang/crates.io-index)" = "394cec28fa623e00903caf7ba4fa6fb9a0e260280bb8cdbbba029611108a0190"
"checksum semver-parser 0.7.0 (registry+https://github.com/rust-lang/crates.io-index)" = "388a1df253eca08550bef6c72392cfe7c30914bf41df5269b68cbd6ff8f570a3"
"checksum shlex 0.1.1 (registry+https://github.com/rust-lang/crates.io-index)" = "7fdf1b9db47230893d76faad238fd6097fd6d6a9245cd7a4d90dbd639536bbd2"
"checksum thread_local 1.0.1 (registry+https://github.com/rust-lang/crates.io-index)" = "d40c6d1b69745a6ec6fb1ca717914848da4b44ae29d9b3080cbee91d72a69b14"
"checksum vcpkg 0.2.10 (registry+https://github.com/rust-lang/crates.io-index)" = "6454029bf181f092ad1b853286f23e2c507d8e8194d01d92da4a55c274a5508c"
"checksum winapi 0.3.9 (registry+https://github.com/rust-lang/crates.io-index)" = "5c839a674fcd7a98952e593242ea400abe93992746761e38641405d28b00f419"
"checksum winapi-i686-pc-windows-gnu 0.4.0 (registry+https://github.com/rust-lang/crates.io-index)" = "ac3b87c63620426dd9b991e5ce0329eff545bccbbb34f3be09ff6fb6ab51b7b6"
"checksum winapi-x86_64-pc-windows-gnu 0.4.0 (registry+https://github.com/rust-lang/crates.io-index)" = "712e227841d057c1ee1cd2fb22fa7e5a5461ae8e48fa2ca79ec42cfc1931183f"
